
Microsoft Visual Studio Solution File, Format Version 12.00
# Visual Studio Version 16
VisualStudioVersion = 16.0.29709.97
MinimumVisualStudioVersion = 10.0.40219.1
Project("{8BC9CEB8-8B4A-11D0-8D11-00A0C91BC942}") = "Vector Addition Registers", "Vector Addition Registers\Vector Addition Registers.vcxproj", "{B896E472-5CD4-42DC-B1AA-C26DD5C20F9C}"
EndProject
Global
	GlobalSection(SolutionConfigurationPlatforms) = preSolution
		Debug|x64 = Debug|x64
		Release|x64 = Release|x64
	EndGlobalSection
	GlobalSection(ProjectConfigurationPlatforms) = postSolution
		{B896E472-5CD4-42DC-B1AA-C26DD5C20F9C}.Debug|x64.ActiveCfg = Debug|x64
		{B896E472-5CD4-42DC-B1AA-C26DD5C20F9C}.Debug|x64.Build.0 = Debug|x64
		{B896E472-5CD4-42DC-B1AA-C26DD5C20F9C}.Release|x64.ActiveCfg = Release|x64
		{B896E472-5CD4-42DC-B1AA-C26DD5C20F9C}.Release|x64.Build.0 = Release|x64
	EndGlobalSection
	GlobalSection(SolutionProperties) = preSolution
		HideSolutionNode = FALSE
	EndGlobalSection
	GlobalSection(ExtensibilityGlobals) = postSolution
		SolutionGuid = {EFCABF08-8559-4345-8B4E-C67FCD4A7B3F}
	EndGlobalSection
EndGlobal
